// !$*UTF8*$!
{
	archiveVersion = 1;
	classes = {
	};
	objectVersion = 56;
	objects = {

/* Begin PBXBuildFile section */
		DF0887552C14BE24006B0732 /* NetflixDetailsHeaderView.swift in Sources */ = {isa = PBXBuildFile; fileRef = DF0887542C14BE24006B0732 /* NetflixDetailsHeaderView.swift */; };
		DF0887572C14BE44006B0732 /* NetflixDetailsBodyView.swift in Sources */ = {isa = PBXBuildFile; fileRef = DF0887562C14BE44006B0732 /* NetflixDetailsBodyView.swift */; };
		DF0887592C14BEA3006B0732 /* NetflixMovieDetailsView.swift in Sources */ = {isa = PBXBuildFile; fileRef = DF0887582C14BEA3006B0732 /* NetflixMovieDetailsView.swift */; };
		DF0A1E882C15BEBC00292E55 /* BumbleCardView.swift in Sources */ = {isa = PBXBuildFile; fileRef = DF0A1E872C15BEBC00292E55 /* BumbleCardView.swift */; };
		DF0A1E8A2C15C2D900292E55 /* BumbleHeartView.swift in Sources */ = {isa = PBXBuildFile; fileRef = DF0A1E892C15C2D900292E55 /* BumbleHeartView.swift */; };
		DF4E29482C14D06A00D07E95 /* MyListButton.swift in Sources */ = {isa = PBXBuildFile; fileRef = DF4E29472C14D06A00D07E95 /* MyListButton.swift */; };
		DF4E294A2C14D13C00D07E95 /* ShareButton.swift in Sources */ = {isa = PBXBuildFile; fileRef = DF4E29492C14D13C00D07E95 /* ShareButton.swift */; };
		DF4E294C2C14D1AF00D07E95 /* RateButton.swift in Sources */ = {isa = PBXBuildFile; fileRef = DF4E294B2C14D1AF00D07E95 /* RateButton.swift */; };
		DF4E29502C14D6A700D07E95 /* NetflixMovieCell2.swift in Sources */ = {isa = PBXBuildFile; fileRef = DF4E294F2C14D6A700D07E95 /* NetflixMovieCell2.swift */; };
		DF6CEA592C15EE3600EAA77B /* InterestPillView.swift in Sources */ = {isa = PBXBuildFile; fileRef = DF6CEA582C15EE3600EAA77B /* InterestPillView.swift */; };
		DF6CEA5B2C15EF7A00EAA77B /* InterestPillGridView.swift in Sources */ = {isa = PBXBuildFile; fileRef = DF6CEA5A2C15EF7A00EAA77B /* InterestPillGridView.swift */; };
		DFA293152C15B2D90093FF5F /* BumbleHomeView.swift in Sources */ = {isa = PBXBuildFile; fileRef = DFA293142C15B2D90093FF5F /* BumbleHomeView.swift */; };
		DFA293172C15B9070093FF5F /* BumbleFilterView.swift in Sources */ = {isa = PBXBuildFile; fileRef = DFA293162C15B9070093FF5F /* BumbleFilterView.swift */; };
		DFBD2BC12C14A76400531167 /* ContentView.swift in Sources */ = {isa = PBXBuildFile; fileRef = DFBD2BC02C14A76400531167 /* ContentView.swift */; };
		DFBD2BC32C14A76500531167 /* Assets.xcassets in Resources */ = {isa = PBXBuildFile; fileRef = DFBD2BC22C14A76500531167 /* Assets.xcassets */; };
		DFBD2BC62C14A76500531167 /* Preview Assets.xcassets in Resources */ = {isa = PBXBuildFile; fileRef = DFBD2BC52C14A76500531167 /* Preview Assets.xcassets */; };
		DFBD2BD12C14A87100531167 /* SDWebImageSwiftUI in Frameworks */ = {isa = PBXBuildFile; productRef = DFBD2BD02C14A87100531167 /* SDWebImageSwiftUI */; };
		DFBD2BD72C14A93400531167 /* SwiftfulUI in Frameworks */ = {isa = PBXBuildFile; productRef = DFBD2BD62C14A93400531167 /* SwiftfulUI */; };
		DFBD2BDD2C14A98400531167 /* SwiftfulRouting in Frameworks */ = {isa = PBXBuildFile; productRef = DFBD2BDC2C14A98400531167 /* SwiftfulRouting */; };
		DFBD2BE02C14AA0300531167 /* RebuildPopularUIScreensInSwiftUIApp.swift in Sources */ = {isa = PBXBuildFile; fileRef = DFBD2BDF2C14AA0300531167 /* RebuildPopularUIScreensInSwiftUIApp.swift */; };
		DFBD2BEA2C14AA6600531167 /* Constants.swift in Sources */ = {isa = PBXBuildFile; fileRef = DFBD2BE22C14AA6600531167 /* Constants.swift */; };
		DFBD2BEB2C14AA6600531167 /* DatabaseHelper.swift in Sources */ = {isa = PBXBuildFile; fileRef = DFBD2BE32C14AA6600531167 /* DatabaseHelper.swift */; };
		DFBD2BEC2C14AA6600531167 /* ImageLoaderView.swift in Sources */ = {isa = PBXBuildFile; fileRef = DFBD2BE52C14AA6600531167 /* ImageLoaderView.swift */; };
		DFBD2BED2C14AA6600531167 /* MainModel.swift in Sources */ = {isa = PBXBuildFile; fileRef = DFBD2BE72C14AA6600531167 /* MainModel.swift */; };
		DFBD2BEE2C14AA6600531167 /* UserModel.swift in Sources */ = {isa = PBXBuildFile; fileRef = DFBD2BE82C14AA6600531167 /* UserModel.swift */; };
		DFBD2BF52C14AD4600531167 /* NetflixFilterBarView.swift in Sources */ = {isa = PBXBuildFile; fileRef = DFBD2BF02C14AD4600531167 /* NetflixFilterBarView.swift */; };
		DFBD2BF62C14AD4600531167 /* NetflixFilterCell.swift in Sources */ = {isa = PBXBuildFile; fileRef = DFBD2BF12C14AD4600531167 /* NetflixFilterCell.swift */; };
		DFBD2BF72C14AD4600531167 /* NetflixHomeView.swift in Sources */ = {isa = PBXBuildFile; fileRef = DFBD2BF32C14AD4600531167 /* NetflixHomeView.swift */; };
		DFBD2BF92C14ADD800531167 /* README.md in Resources */ = {isa = PBXBuildFile; fileRef = DFBD2BF82C14ADD800531167 /* README.md */; };
		DFBD2BFB2C14B12700531167 /* NetflixHeroCell.swift in Sources */ = {isa = PBXBuildFile; fileRef = DFBD2BFA2C14B12700531167 /* NetflixHeroCell.swift */; };
		DFBD2BFD2C14B44700531167 /* NetflixMovieCell.swift in Sources */ = {isa = PBXBuildFile; fileRef = DFBD2BFC2C14B44700531167 /* NetflixMovieCell.swift */; };
/* End PBXBuildFile section */

/* Begin PBXFileReference section */
		DF0887542C14BE24006B0732 /* NetflixDetailsHeaderView.swift */ = {isa = PBXFileReference; lastKnownFileType = sourcecode.swift; path = NetflixDetailsHeaderView.swift; sourceTree = "<group>"; };
		DF0887562C14BE44006B0732 /* NetflixDetailsBodyView.swift */ = {isa = PBXFileReference; lastKnownFileType = sourcecode.swift; path = NetflixDetailsBodyView.swift; sourceTree = "<group>"; };
		DF0887582C14BEA3006B0732 /* NetflixMovieDetailsView.swift */ = {isa = PBXFileReference; lastKnownFileType = sourcecode.swift; path = NetflixMovieDetailsView.swift; sourceTree = "<group>"; };
		DF0A1E872C15BEBC00292E55 /* BumbleCardView.swift */ = {isa = PBXFileReference; lastKnownFileType = sourcecode.swift; path = BumbleCardView.swift; sourceTree = "<group>"; };
		DF0A1E892C15C2D900292E55 /* BumbleHeartView.swift */ = {isa = PBXFileReference; lastKnownFileType = sourcecode.swift; path = BumbleHeartView.swift; sourceTree = "<group>"; };
		DF4E29472C14D06A00D07E95 /* MyListButton.swift */ = {isa = PBXFileReference; lastKnownFileType = sourcecode.swift; path = MyListButton.swift; sourceTree = "<group>"; };
		DF4E29492C14D13C00D07E95 /* ShareButton.swift */ = {isa = PBXFileReference; lastKnownFileType = sourcecode.swift; path = ShareButton.swift; sourceTree = "<group>"; };
		DF4E294B2C14D1AF00D07E95 /* RateButton.swift */ = {isa = PBXFileReference; lastKnownFileType = sourcecode.swift; path = RateButton.swift; sourceTree = "<group>"; };
		DF4E294F2C14D6A700D07E95 /* NetflixMovieCell2.swift */ = {isa = PBXFileReference; lastKnownFileType = sourcecode.swift; path = NetflixMovieCell2.swift; sourceTree = "<group>"; };
		DF6CEA582C15EE3600EAA77B /* InterestPillView.swift */ = {isa = PBXFileReference; lastKnownFileType = sourcecode.swift; path = InterestPillView.swift; sourceTree = "<group>"; };
		DF6CEA5A2C15EF7A00EAA77B /* InterestPillGridView.swift */ = {isa = PBXFileReference; lastKnownFileType = sourcecode.swift; path = InterestPillGridView.swift; sourceTree = "<group>"; };
		DFA293142C15B2D90093FF5F /* BumbleHomeView.swift */ = {isa = PBXFileReference; lastKnownFileType = sourcecode.swift; path = BumbleHomeView.swift; sourceTree = "<group>"; };
		DFA293162C15B9070093FF5F /* BumbleFilterView.swift */ = {isa = PBXFileReference; lastKnownFileType = sourcecode.swift; path = BumbleFilterView.swift; sourceTree = "<group>"; };
		DFBD2BBB2C14A76400531167 /* RebuildPopularUIScreensInSwiftUI.app */ = {isa = PBXFileReference; explicitFileType = wrapper.application; includeInIndex = 0; path = RebuildPopularUIScreensInSwiftUI.app; sourceTree = BUILT_PRODUCTS_DIR; };
		DFBD2BC02C14A76400531167 /* ContentView.swift */ = {isa = PBXFileReference; lastKnownFileType = sourcecode.swift; path = ContentView.swift; sourceTree = "<group>"; };
		DFBD2BC22C14A76500531167 /* Assets.xcassets */ = {isa = PBXFileReference; lastKnownFileType = folder.assetcatalog; path = Assets.xcassets; sourceTree = "<group>"; };
		DFBD2BC52C14A76500531167 /* Preview Assets.xcassets */ = {isa = PBXFileReference; lastKnownFileType = folder.assetcatalog; path = "Preview Assets.xcassets"; sourceTree = "<group>"; };
		DFBD2BDF2C14AA0300531167 /* RebuildPopularUIScreensInSwiftUIApp.swift */ = {isa = PBXFileReference; fileEncoding = 4; lastKnownFileType = sourcecode.swift; path = RebuildPopularUIScreensInSwiftUIApp.swift; sourceTree = "<group>"; };
		DFBD2BE22C14AA6600531167 /* Constants.swift */ = {isa = PBXFileReference; fileEncoding = 4; lastKnownFileType = sourcecode.swift; path = Constants.swift; sourceTree = "<group>"; };
		DFBD2BE32C14AA6600531167 /* DatabaseHelper.swift */ = {isa = PBXFileReference; fileEncoding = 4; lastKnownFileType = sourcecode.swift; path = DatabaseHelper.swift; sourceTree = "<group>"; };
		DFBD2BE52C14AA6600531167 /* ImageLoaderView.swift */ = {isa = PBXFileReference; fileEncoding = 4; lastKnownFileType = sourcecode.swift; path = ImageLoaderView.swift; sourceTree = "<group>"; };
		DFBD2BE72C14AA6600531167 /* MainModel.swift */ = {isa = PBXFileReference; fileEncoding = 4; lastKnownFileType = sourcecode.swift; path = MainModel.swift; sourceTree = "<group>"; };
		DFBD2BE82C14AA6600531167 /* UserModel.swift */ = {isa = PBXFileReference; fileEncoding = 4; lastKnownFileType = sourcecode.swift; path = UserModel.swift; sourceTree = "<group>"; };
		DFBD2BF02C14AD4600531167 /* NetflixFilterBarView.swift */ = {isa = PBXFileReference; fileEncoding = 4; lastKnownFileType = sourcecode.swift; path = NetflixFilterBarView.swift; sourceTree = "<group>"; };
		DFBD2BF12C14AD4600531167 /* NetflixFilterCell.swift */ = {isa = PBXFileReference; fileEncoding = 4; lastKnownFileType = sourcecode.swift; path = NetflixFilterCell.swift; sourceTree = "<group>"; };
		DFBD2BF32C14AD4600531167 /* NetflixHomeView.swift */ = {isa = PBXFileReference; fileEncoding = 4; lastKnownFileType = sourcecode.swift; path = NetflixHomeView.swift; sourceTree = "<group>"; };
		DFBD2BF82C14ADD800531167 /* README.md */ = {isa = PBXFileReference; fileEncoding = 4; lastKnownFileType = net.daringfireball.markdown; path = README.md; sourceTree = "<group>"; };
		DFBD2BFA2C14B12700531167 /* NetflixHeroCell.swift */ = {isa = PBXFileReference; lastKnownFileType = sourcecode.swift; path = NetflixHeroCell.swift; sourceTree = "<group>"; };
		DFBD2BFC2C14B44700531167 /* NetflixMovieCell.swift */ = {isa = PBXFileReference; lastKnownFileType = sourcecode.swift; path = NetflixMovieCell.swift; sourceTree = "<group>"; };
/* End PBXFileReference section */

/* Begin PBXFrameworksBuildPhase section */
		DFBD2BB82C14A76400531167 /* Frameworks */ = {
			isa = PBXFrameworksBuildPhase;
			buildActionMask = 2147483647;
			files = (
				DFBD2BD72C14A93400531167 /* SwiftfulUI in Frameworks */,
				DFBD2BDD2C14A98400531167 /* SwiftfulRouting in Frameworks */,
				DFBD2BD12C14A87100531167 /* SDWebImageSwiftUI in Frameworks */,
			);
			runOnlyForDeploymentPostprocessing = 0;
		};
/* End PBXFrameworksBuildPhase section */

/* Begin PBXGroup section */
		DF4E294D2C14D21D00D07E95 /* Buttons */ = {
			isa = PBXGroup;
			children = (
				DF4E29472C14D06A00D07E95 /* MyListButton.swift */,
				DF4E294B2C14D1AF00D07E95 /* RateButton.swift */,
				DF4E29492C14D13C00D07E95 /* ShareButton.swift */,
			);
			path = Buttons;
			sourceTree = "<group>";
		};
		DFA293102C15B2AB0093FF5F /* Bumble */ = {
			isa = PBXGroup;
			children = (
				DFA293112C15B2B80093FF5F /* Components */,
				DFA293122C15B2BC0093FF5F /* Core */,
			);
			path = Bumble;
			sourceTree = "<group>";
		};
		DFA293112C15B2B80093FF5F /* Components */ = {
			isa = PBXGroup;
			children = (
				DF0A1E872C15BEBC00292E55 /* BumbleCardView.swift */,
				DFA293162C15B9070093FF5F /* BumbleFilterView.swift */,
				DF0A1E892C15C2D900292E55 /* BumbleHeartView.swift */,
				DF6CEA582C15EE3600EAA77B /* InterestPillView.swift */,
				DF6CEA5A2C15EF7A00EAA77B /* InterestPillGridView.swift */,
			);
			path = Components;
			sourceTree = "<group>";
		};
		DFA293122C15B2BC0093FF5F /* Core */ = {
			isa = PBXGroup;
			children = (
				DFA293142C15B2D90093FF5F /* BumbleHomeView.swift */,
			);
			path = Core;
			sourceTree = "<group>";
		};
		DFBD2BB22C14A76400531167 = {
			isa = PBXGroup;
			children = (
				DFBD2BF82C14ADD800531167 /* README.md */,
				DFBD2BBD2C14A76400531167 /* RebuildPopularUIScreensInSwiftUI */,
				DFBD2BBC2C14A76400531167 /* Products */,
			);
			sourceTree = "<group>";
		};
		DFBD2BBC2C14A76400531167 /* Products */ = {
			isa = PBXGroup;
			children = (
				DFBD2BBB2C14A76400531167 /* RebuildPopularUIScreensInSwiftUI.app */,
			);
			name = Products;
			sourceTree = "<group>";
		};
		DFBD2BBD2C14A76400531167 /* RebuildPopularUIScreensInSwiftUI */ = {
			isa = PBXGroup;
			children = (
				DFBD2BC22C14A76500531167 /* Assets.xcassets */,
				DFA293102C15B2AB0093FF5F /* Bumble */,
				DFBD2BC02C14A76400531167 /* ContentView.swift */,
				DFBD2BEF2C14AD3400531167 /* Netflix */,
				DFBD2BC42C14A76500531167 /* Preview Content */,
				DFBD2BDE2C14A9F000531167 /* Root */,
				DFBD2BE12C14AA5300531167 /* Shared */,
			);
			path = RebuildPopularUIScreensInSwiftUI;
			sourceTree = "<group>";
		};
		DFBD2BC42C14A76500531167 /* Preview Content */ = {
			isa = PBXGroup;
			children = (
				DFBD2BC52C14A76500531167 /* Preview Assets.xcassets */,
			);
			path = "Preview Content";
			sourceTree = "<group>";
		};
		DFBD2BDE2C14A9F000531167 /* Root */ = {
			isa = PBXGroup;
			children = (
				DFBD2BDF2C14AA0300531167 /* RebuildPopularUIScreensInSwiftUIApp.swift */,
			);
			path = Root;
			sourceTree = "<group>";
		};
		DFBD2BE12C14AA5300531167 /* Shared */ = {
			isa = PBXGroup;
			children = (
				DFBD2BE62C14AA6600531167 /* Components */,
				DFBD2BE42C14AA6600531167 /* Data */,
				DFBD2BE92C14AA6600531167 /* MockModels */,
				DFBD2BE22C14AA6600531167 /* Constants.swift */,
			);
			path = Shared;
			sourceTree = "<group>";
		};
		DFBD2BE42C14AA6600531167 /* Data */ = {
			isa = PBXGroup;
			children = (
				DFBD2BE32C14AA6600531167 /* DatabaseHelper.swift */,
			);
			path = Data;
			sourceTree = "<group>";
		};
		DFBD2BE62C14AA6600531167 /* Components */ = {
			isa = PBXGroup;
			children = (
				DFBD2BE52C14AA6600531167 /* ImageLoaderView.swift */,
			);
			path = Components;
			sourceTree = "<group>";
		};
		DFBD2BE92C14AA6600531167 /* MockModels */ = {
			isa = PBXGroup;
			children = (
				DFBD2BE72C14AA6600531167 /* MainModel.swift */,
				DFBD2BE82C14AA6600531167 /* UserModel.swift */,
			);
			path = MockModels;
			sourceTree = "<group>";
		};
		DFBD2BEF2C14AD3400531167 /* Netflix */ = {
			isa = PBXGroup;
			children = (
				DFBD2BF22C14AD4600531167 /* Components */,
				DFBD2BF42C14AD4600531167 /* Core */,
			);
			path = Netflix;
			sourceTree = "<group>";
		};
		DFBD2BF22C14AD4600531167 /* Components */ = {
			isa = PBXGroup;
			children = (
				DF4E294D2C14D21D00D07E95 /* Buttons */,
				DF0887562C14BE44006B0732 /* NetflixDetailsBodyView.swift */,
				DF0887542C14BE24006B0732 /* NetflixDetailsHeaderView.swift */,
				DFBD2BF02C14AD4600531167 /* NetflixFilterBarView.swift */,
				DFBD2BF12C14AD4600531167 /* NetflixFilterCell.swift */,
				DFBD2BFA2C14B12700531167 /* NetflixHeroCell.swift */,
				DFBD2BFC2C14B44700531167 /* NetflixMovieCell.swift */,
				DF4E294F2C14D6A700D07E95 /* NetflixMovieCell2.swift */,
			);
			path = Components;
			sourceTree = "<group>";
		};
		DFBD2BF42C14AD4600531167 /* Core */ = {
			isa = PBXGroup;
			children = (
				DFBD2BF32C14AD4600531167 /* NetflixHomeView.swift */,
				DF0887582C14BEA3006B0732 /* NetflixMovieDetailsView.swift */,
			);
			path = Core;
			sourceTree = "<group>";
		};
/* End PBXGroup section */

/* Begin PBXNativeTarget section */
		DFBD2BBA2C14A76400531167 /* RebuildPopularUIScreensInSwiftUI */ = {
			isa = PBXNativeTarget;
			buildConfigurationList = DFBD2BC92C14A76500531167 /* Build configuration list for PBXNativeTarget "RebuildPopularUIScreensInSwiftUI" */;
			buildPhases = (
				DFBD2BB72C14A76400531167 /* Sources */,
				DFBD2BB82C14A76400531167 /* Frameworks */,
				DFBD2BB92C14A76400531167 /* Resources */,
			);
			buildRules = (
			);
			dependencies = (
			);
			name = RebuildPopularUIScreensInSwiftUI;
			packageProductDependencies = (
				DFBD2BD02C14A87100531167 /* SDWebImageSwiftUI */,
				DFBD2BD62C14A93400531167 /* SwiftfulUI */,
				DFBD2BDC2C14A98400531167 /* SwiftfulRouting */,
			);
			productName = RebuildPopularUIScreensInSwiftUI;
			productReference = DFBD2BBB2C14A76400531167 /* RebuildPopularUIScreensInSwiftUI.app */;
			productType = "com.apple.product-type.application";
		};
/* End PBXNativeTarget section */

/* Begin PBXProject section */
		DFBD2BB32C14A76400531167 /* Project object */ = {
			isa = PBXProject;
			attributes = {
				BuildIndependentTargetsInParallel = 1;
				LastSwiftUpdateCheck = 1540;
				LastUpgradeCheck = 1540;
				TargetAttributes = {
					DFBD2BBA2C14A76400531167 = {
						CreatedOnToolsVersion = 15.4;
					};
				};
			};
			buildConfigurationList = DFBD2BB62C14A76400531167 /* Build configuration list for PBXProject "RebuildPopularUIScreensInSwiftUI" */;
			compatibilityVersion = "Xcode 14.0";
			developmentRegion = en;
			hasScannedForEncodings = 0;
			knownRegions = (
				en,
				Base,
			);
			mainGroup = DFBD2BB22C14A76400531167;
			packageReferences = (
				DFBD2BCF2C14A87100531167 /* XCRemoteSwiftPackageReference "SDWebImageSwiftUI" */,
				DFBD2BD52C14A93400531167 /* XCRemoteSwiftPackageReference "SwiftfulUI" */,
				DFBD2BDB2C14A98400531167 /* XCRemoteSwiftPackageReference "SwiftfulRouting" */,
			);
			productRefGroup = DFBD2BBC2C14A76400531167 /* Products */;
			projectDirPath = "";
			projectRoot = "";
			targets = (
				DFBD2BBA2C14A76400531167 /* RebuildPopularUIScreensInSwiftUI */,
			);
		};
/* End PBXProject section */

/* Begin PBXResourcesBuildPhase section */
		DFBD2BB92C14A76400531167 /* Resources */ = {
			isa = PBXResourcesBuildPhase;
			buildActionMask = 2147483647;
			files = (
				DFBD2BF92C14ADD800531167 /* README.md in Resources */,
				DFBD2BC62C14A76500531167 /* Preview Assets.xcassets in Resources */,
				DFBD2BC32C14A76500531167 /* Assets.xcassets in Resources */,
			);
			runOnlyForDeploymentPostprocessing = 0;
		};
/* End PBXResourcesBuildPhase section */

/* Begin PBXSourcesBuildPhase section */
		DFBD2BB72C14A76400531167 /* Sources */ = {
			isa = PBXSourcesBuildPhase;
			buildActionMask = 2147483647;
			files = (
				DF0887572C14BE44006B0732 /* NetflixDetailsBodyView.swift in Sources */,
				DFBD2BEB2C14AA6600531167 /* DatabaseHelper.swift in Sources */,
				DFA293152C15B2D90093FF5F /* BumbleHomeView.swift in Sources */,
				DF6CEA592C15EE3600EAA77B /* InterestPillView.swift in Sources */,
				DFBD2BEE2C14AA6600531167 /* UserModel.swift in Sources */,
				DFBD2BC12C14A76400531167 /* ContentView.swift in Sources */,
				DFBD2BFB2C14B12700531167 /* NetflixHeroCell.swift in Sources */,
				DF4E294C2C14D1AF00D07E95 /* RateButton.swift in Sources */,
				DF0A1E882C15BEBC00292E55 /* BumbleCardView.swift in Sources */,
				DFBD2BED2C14AA6600531167 /* MainModel.swift in Sources */,
				DF4E29502C14D6A700D07E95 /* NetflixMovieCell2.swift in Sources */,
				DFBD2BE02C14AA0300531167 /* RebuildPopularUIScreensInSwiftUIApp.swift in Sources */,
				DFBD2BF52C14AD4600531167 /* NetflixFilterBarView.swift in Sources */,
				DFA293172C15B9070093FF5F /* BumbleFilterView.swift in Sources */,
				DFBD2BFD2C14B44700531167 /* NetflixMovieCell.swift in Sources */,
				DF6CEA5B2C15EF7A00EAA77B /* InterestPillGridView.swift in Sources */,
				DFBD2BF72C14AD4600531167 /* NetflixHomeView.swift in Sources */,
				DF0A1E8A2C15C2D900292E55 /* BumbleHeartView.swift in Sources */,
				DFBD2BEC2C14AA6600531167 /* ImageLoaderView.swift in Sources */,
				DF4E294A2C14D13C00D07E95 /* ShareButton.swift in Sources */,
				DF4E29482C14D06A00D07E95 /* MyListButton.swift in Sources */,
				DF0887592C14BEA3006B0732 /* NetflixMovieDetailsView.swift in Sources */,
				DFBD2BEA2C14AA6600531167 /* Constants.swift in Sources */,
				DFBD2BF62C14AD4600531167 /* NetflixFilterCell.swift in Sources */,
				DF0887552C14BE24006B0732 /* NetflixDetailsHeaderView.swift in Sources */,
			);
			runOnlyForDeploymentPostprocessing = 0;
		};
/* End PBXSourcesBuildPhase section */

/* Begin XCBuildConfiguration section */
		DFBD2BC72C14A76500531167 /* Debug */ = {
			isa = XCBuildConfiguration;
			buildSettings = {
				ALWAYS_SEARCH_USER_PATHS = NO;
				ASSETCATALOG_COMPILER_GENERATE_SWIFT_ASSET_SYMBOL_EXTENSIONS = YES;
				CLANG_ANALYZER_NONNULL = YES;
				CLANG_ANALYZER_NUMBER_OBJECT_CONVERSION = YES_AGGRESSIVE;
				CLANG_CXX_LANGUAGE_STANDARD = "gnu++20";
				CLANG_ENABLE_MODULES = YES;
				CLANG_ENABLE_OBJC_ARC = YES;
				CLANG_ENABLE_OBJC_WEAK = YES;
				CLANG_WARN_BLOCK_CAPTURE_AUTORELEASING = YES;
				CLANG_WARN_BOOL_CONVERSION = YES;
				CLANG_WARN_COMMA = YES;
				CLANG_WARN_CONSTANT_CONVERSION = YES;
				CLANG_WARN_DEPRECATED_OBJC_IMPLEMENTATIONS = YES;
				CLANG_WARN_DIRECT_OBJC_ISA_USAGE = YES_ERROR;
				CLANG_WARN_DOCUMENTATION_COMMENTS = YES;
				CLANG_WARN_EMPTY_BODY = YES;
				CLANG_WARN_ENUM_CONVERSION = YES;
				CLANG_WARN_INFINITE_RECURSION = YES;
				CLANG_WARN_INT_CONVERSION = YES;
				CLANG_WARN_NON_LITERAL_NULL_CONVERSION = YES;
				CLANG_WARN_OBJC_IMPLICIT_RETAIN_SELF = YES;
				CLANG_WARN_OBJC_LITERAL_CONVERSION = YES;
				CLANG_WARN_OBJC_ROOT_CLASS = YES_ERROR;
				CLANG_WARN_QUOTED_INCLUDE_IN_FRAMEWORK_HEADER = YES;
				CLANG_WARN_RANGE_LOOP_ANALYSIS = YES;
				CLANG_WARN_STRICT_PROTOTYPES = YES;
				CLANG_WARN_SUSPICIOUS_MOVE = YES;
				CLANG_WARN_UNGUARDED_AVAILABILITY = YES_AGGRESSIVE;
				CLANG_WARN_UNREACHABLE_CODE = YES;
				CLANG_WARN__DUPLICATE_METHOD_MATCH = YES;
				COPY_PHASE_STRIP = NO;
				DEBUG_INFORMATION_FORMAT = dwarf;
				ENABLE_STRICT_OBJC_MSGSEND = YES;
				ENABLE_TESTABILITY = YES;
				ENABLE_USER_SCRIPT_SANDBOXING = YES;
				GCC_C_LANGUAGE_STANDARD = gnu17;
				GCC_DYNAMIC_NO_PIC = NO;
				GCC_NO_COMMON_BLOCKS = YES;
				GCC_OPTIMIZATION_LEVEL = 0;
				GCC_PREPROCESSOR_DEFINITIONS = (
					"DEBUG=1",
					"$(inherited)",
				);
				GCC_WARN_64_TO_32_BIT_CONVERSION = YES;
				GCC_WARN_ABOUT_RETURN_TYPE = YES_ERROR;
				GCC_WARN_UNDECLARED_SELECTOR = YES;
				GCC_WARN_UNINITIALIZED_AUTOS = YES_AGGRESSIVE;
				GCC_WARN_UNUSED_FUNCTION = YES;
				GCC_WARN_UNUSED_VARIABLE = YES;
				IPHONEOS_DEPLOYMENT_TARGET = 17.5;
				LOCALIZATION_PREFERS_STRING_CATALOGS = YES;
				MTL_ENABLE_DEBUG_INFO = INCLUDE_SOURCE;
				MTL_FAST_MATH = YES;
				ONLY_ACTIVE_ARCH = YES;
				SDKROOT = iphoneos;
				SWIFT_ACTIVE_COMPILATION_CONDITIONS = "DEBUG $(inherited)";
				SWIFT_OPTIMIZATION_LEVEL = "-Onone";
			};
			name = Debug;
		};
		DFBD2BC82C14A76500531167 /* Release */ = {
			isa = XCBuildConfiguration;
			buildSettings = {
				ALWAYS_SEARCH_USER_PATHS = NO;
				ASSETCATALOG_COMPILER_GENERATE_SWIFT_ASSET_SYMBOL_EXTENSIONS = YES;
				CLANG_ANALYZER_NONNULL = YES;
				CLANG_ANALYZER_NUMBER_OBJECT_CONVERSION = YES_AGGRESSIVE;
				CLANG_CXX_LANGUAGE_STANDARD = "gnu++20";
				CLANG_ENABLE_MODULES = YES;
				CLANG_ENABLE_OBJC_ARC = YES;
				CLANG_ENABLE_OBJC_WEAK = YES;
				CLANG_WARN_BLOCK_CAPTURE_AUTORELEASING = YES;
				CLANG_WARN_BOOL_CONVERSION = YES;
				CLANG_WARN_COMMA = YES;
				CLANG_WARN_CONSTANT_CONVERSION = YES;
				CLANG_WARN_DEPRECATED_OBJC_IMPLEMENTATIONS = YES;
				CLANG_WARN_DIRECT_OBJC_ISA_USAGE = YES_ERROR;
				CLANG_WARN_DOCUMENTATION_COMMENTS = YES;
				CLANG_WARN_EMPTY_BODY = YES;
				CLANG_WARN_ENUM_CONVERSION = YES;
				CLANG_WARN_INFINITE_RECURSION = YES;
				CLANG_WARN_INT_CONVERSION = YES;
				CLANG_WARN_NON_LITERAL_NULL_CONVERSION = YES;
				CLANG_WARN_OBJC_IMPLICIT_RETAIN_SELF = YES;
				CLANG_WARN_OBJC_LITERAL_CONVERSION = YES;
				CLANG_WARN_OBJC_ROOT_CLASS = YES_ERROR;
				CLANG_WARN_QUOTED_INCLUDE_IN_FRAMEWORK_HEADER = YES;
				CLANG_WARN_RANGE_LOOP_ANALYSIS = YES;
				CLANG_WARN_STRICT_PROTOTYPES = YES;
				CLANG_WARN_SUSPICIOUS_MOVE = YES;
				CLANG_WARN_UNGUARDED_AVAILABILITY = YES_AGGRESSIVE;
				CLANG_WARN_UNREACHABLE_CODE = YES;
				CLANG_WARN__DUPLICATE_METHOD_MATCH = YES;
				COPY_PHASE_STRIP = NO;
				DEBUG_INFORMATION_FORMAT = "dwarf-with-dsym";
				ENABLE_NS_ASSERTIONS = NO;
				ENABLE_STRICT_OBJC_MSGSEND = YES;
				ENABLE_USER_SCRIPT_SANDBOXING = YES;
				GCC_C_LANGUAGE_STANDARD = gnu17;
				GCC_NO_COMMON_BLOCKS = YES;
				GCC_WARN_64_TO_32_BIT_CONVERSION = YES;
				GCC_WARN_ABOUT_RETURN_TYPE = YES_ERROR;
				GCC_WARN_UNDECLARED_SELECTOR = YES;
				GCC_WARN_UNINITIALIZED_AUTOS = YES_AGGRESSIVE;
				GCC_WARN_UNUSED_FUNCTION = YES;
				GCC_WARN_UNUSED_VARIABLE = YES;
				IPHONEOS_DEPLOYMENT_TARGET = 17.5;
				LOCALIZATION_PREFERS_STRING_CATALOGS = YES;
				MTL_ENABLE_DEBUG_INFO = NO;
				MTL_FAST_MATH = YES;
				SDKROOT = iphoneos;
				SWIFT_COMPILATION_MODE = wholemodule;
				VALIDATE_PRODUCT = YES;
			};
			name = Release;
		};
		DFBD2BCA2C14A76500531167 /* Debug */ = {
			isa = XCBuildConfiguration;
			buildSettings = {
				ASSETCATALOG_COMPILER_APPICON_NAME = AppIcon;
				ASSETCATALOG_COMPILER_GLOBAL_ACCENT_COLOR_NAME = AccentColor;
				CODE_SIGN_STYLE = Automatic;
				CURRENT_PROJECT_VERSION = 1;
				DEVELOPMENT_ASSET_PATHS = "\"RebuildPopularUIScreensInSwiftUI/Preview Content\"";
				ENABLE_PREVIEWS = YES;
				GENERATE_INFOPLIST_FILE = YES;
				INFOPLIST_KEY_CFBundleDisplayName = PopularUIScreens;
				INFOPLIST_KEY_UIApplicationSceneManifest_Generation = YES;
				INFOPLIST_KEY_UIApplicationSupportsIndirectInputEvents = YES;
				INFOPLIST_KEY_UILaunchScreen_Generation = YES;
				INFOPLIST_KEY_UISupportedInterfaceOrientations_iPad = "UIInterfaceOrientationPortrait UIInterfaceOrientationPortraitUpsideDown UIInterfaceOrientationLandscapeLeft UIInterfaceOrientationLandscapeRight";
				INFOPLIST_KEY_UISupportedInterfaceOrientations_iPhone = "UIInterfaceOrientationPortrait UIInterfaceOrientationLandscapeLeft UIInterfaceOrientationLandscapeRight";
				LD_RUNPATH_SEARCH_PATHS = (
					"$(inherited)",
					"@executable_path/Frameworks",
				);
				MARKETING_VERSION = 1.0;
				PRODUCT_BUNDLE_IDENTIFIER = me.ozmus.enes.RebuildPopularUIScreensInSwiftUI;
				PRODUCT_NAME = "$(TARGET_NAME)";
				SWIFT_EMIT_LOC_STRINGS = YES;
				SWIFT_VERSION = 5.0;
				TARGETED_DEVICE_FAMILY = "1,2";
			};
			name = Debug;
		};
		DFBD2BCB2C14A76500531167 /* Release */ = {
			isa = XCBuildConfiguration;
			buildSettings = {
				ASSETCATALOG_COMPILER_APPICON_NAME = AppIcon;
				ASSETCATALOG_COMPILER_GLOBAL_ACCENT_COLOR_NAME = AccentColor;
				CODE_SIGN_STYLE = Automatic;
				CURRENT_PROJECT_VERSION = 1;
				DEVELOPMENT_ASSET_PATHS = "\"RebuildPopularUIScreensInSwiftUI/Preview Content\"";
				ENABLE_PREVIEWS = YES;
				GENERATE_INFOPLIST_FILE = YES;
				INFOPLIST_KEY_CFBundleDisplayName = PopularUIScreens;
				INFOPLIST_KEY_UIApplicationSceneManifest_Generation = YES;
				INFOPLIST_KEY_UIApplicationSupportsIndirectInputEvents = YES;
				INFOPLIST_KEY_UILaunchScreen_Generation = YES;
				INFOPLIST_KEY_UISupportedInterfaceOrientations_iPad = "UIInterfaceOrientationPortrait UIInterfaceOrientationPortraitUpsideDown UIInterfaceOrientationLandscapeLeft UIInterfaceOrientationLandscapeRight";
				INFOPLIST_KEY_UISupportedInterfaceOrientations_iPhone = "UIInterfaceOrientationPortrait UIInterfaceOrientationLandscapeLeft UIInterfaceOrientationLandscapeRight";
				LD_RUNPATH_SEARCH_PATHS = (
					"$(inherited)",
					"@executable_path/Frameworks",
				);
				MARKETING_VERSION = 1.0;
				PRODUCT_BUNDLE_IDENTIFIER = me.ozmus.enes.RebuildPopularUIScreensInSwiftUI;
				PRODUCT_NAME = "$(TARGET_NAME)";
				SWIFT_EMIT_LOC_STRINGS = YES;
				SWIFT_VERSION = 5.0;
				TARGETED_DEVICE_FAMILY = "1,2";
			};
			name = Release;
		};
/* End XCBuildConfiguration section */

/* Begin XCConfigurationList section */
		DFBD2BB62C14A76400531167 /* Build configuration list for PBXProject "RebuildPopularUIScreensInSwiftUI" */ = {
			isa = XCConfigurationList;
			buildConfigurations = (
				DFBD2BC72C14A76500531167 /* Debug */,
				DFBD2BC82C14A76500531167 /* Release */,
			);
			defaultConfigurationIsVisible = 0;
			defaultConfigurationName = Release;
		};
		DFBD2BC92C14A76500531167 /* Build configuration list for PBXNativeTarget "RebuildPopularUIScreensInSwiftUI" */ = {
			isa = XCConfigurationList;
			buildConfigurations = (
				DFBD2BCA2C14A76500531167 /* Debug */,
				DFBD2BCB2C14A76500531167 /* Release */,
			);
			defaultConfigurationIsVisible = 0;
			defaultConfigurationName = Release;
		};
/* End XCConfigurationList section */

/* Begin XCRemoteSwiftPackageReference section */
		DFBD2BCF2C14A87100531167 /* XCRemoteSwiftPackageReference "SDWebImageSwiftUI" */ = {
			isa = XCRemoteSwiftPackageReference;
			repositoryURL = "https://github.com/SDWebImage/SDWebImageSwiftUI.git";
			requirement = {
				kind = upToNextMajorVersion;
				minimumVersion = 3.0.4;
			};
		};
		DFBD2BD52C14A93400531167 /* XCRemoteSwiftPackageReference "SwiftfulUI" */ = {
			isa = XCRemoteSwiftPackageReference;
			repositoryURL = "https://github.com/SwiftfulThinking/SwiftfulUI.git";
			requirement = {
				kind = upToNextMajorVersion;
				minimumVersion = 1.2.0;
			};
		};
		DFBD2BDB2C14A98400531167 /* XCRemoteSwiftPackageReference "SwiftfulRouting" */ = {
			isa = XCRemoteSwiftPackageReference;
			repositoryURL = "https://github.com/SwiftfulThinking/SwiftfulRouting.git";
			requirement = {
				kind = upToNextMajorVersion;
				minimumVersion = 5.3.5;
			};
		};
/* End XCRemoteSwiftPackageReference section */

/* Begin XCSwiftPackageProductDependency section */
		DFBD2BD02C14A87100531167 /* SDWebImageSwiftUI */ = {
			isa = XCSwiftPackageProductDependency;
			package = DFBD2BCF2C14A87100531167 /* XCRemoteSwiftPackageReference "SDWebImageSwiftUI" */;
			productName = SDWebImageSwiftUI;
		};
		DFBD2BD62C14A93400531167 /* SwiftfulUI */ = {
			isa = XCSwiftPackageProductDependency;
			package = DFBD2BD52C14A93400531167 /* XCRemoteSwiftPackageReference "SwiftfulUI" */;
			productName = SwiftfulUI;
		};
		DFBD2BDC2C14A98400531167 /* SwiftfulRouting */ = {
			isa = XCSwiftPackageProductDependency;
			package = DFBD2BDB2C14A98400531167 /* XCRemoteSwiftPackageReference "SwiftfulRouting" */;
			productName = SwiftfulRouting;
		};
/* End XCSwiftPackageProductDependency section */
	};
	rootObject = DFBD2BB32C14A76400531167 /* Project object */;
}
